
Microsoft Visual Studio Solution File, Format Version 12.00
# Visual Studio Version 16
VisualStudioVersion = 16.0.30621.155
MinimumVisualStudioVersion = 10.0.40219.1
Project("{FAE04EC0-301F-11D3-BF4B-00C04F79EFBC}") = "APIwithXamarin", "APIwithXamarin\APIwithXamarin.csproj", "{9D3E8339-5396-4CB7-AF76-5819D3D40E83}"
EndProject
Global
	GlobalSection(SolutionConfigurationPlatforms) = preSolution
		Debug|Any CPU = Debug|Any CPU
		Release|Any CPU = Release|Any CPU
	EndGlobalSection
	GlobalSection(ProjectConfigurationPlatforms) = postSolution
		{9D3E8339-5396-4CB7-AF76-5819D3D40E83}.Debug|Any CPU.ActiveCfg = Debug|Any CPU
		{9D3E8339-5396-4CB7-AF76-5819D3D40E83}.Debug|Any CPU.Build.0 = Debug|Any CPU
		{9D3E8339-5396-4CB7-AF76-5819D3D40E83}.Release|Any CPU.ActiveCfg = Release|Any CPU
		{9D3E8339-5396-4CB7-AF76-5819D3D40E83}.Release|Any CPU.Build.0 = Release|Any CPU
	EndGlobalSection
	GlobalSection(SolutionProperties) = preSolution
		HideSolutionNode = FALSE
	EndGlobalSection
	GlobalSection(ExtensibilityGlobals) = postSolution
		SolutionGuid = {256E9BD6-69F8-4442-B843-787FD7472F39}
	EndGlobalSection
EndGlobal
